{
  "markbot": "4c9f1122146a0725957df7500012b48758603e12cdcf9d7690fb0c53faf7e8c8",
  "markbotignore": "030a4e6e1b3b6b510514a7ae54576e2c2ef762d56236c6414ef634955d96a126",
  "index.html": "085b3fe250983431b5264f61ef0713e71a1f37ea43c1fc7943bbec5966f1f71c",
  "index-320.png": "e4d537564911436725a43c91d20354a90e286b8df14fb536770efaf26897240b"
}