{
  "markbot": "e5d2ef78c5f9728175b994b2d07add5385a0422e56af9b499f3cbc27213cc555",
  "markbotignore": "030a4e6e1b3b6b510514a7ae54576e2c2ef762d56236c6414ef634955d96a126",
  "index.html": "085b3fe250983431b5264f61ef0713e71a1f37ea43c1fc7943bbec5966f1f71c",
  "index-320.png": "0457c5479874e99c4108d13523900afeba55b135ffb822b984789788f1591b08"
}